
Microsoft Visual Studio Solution File, Format Version 12.00
# Visual Studio Version 17
VisualStudioVersion = 17.0.31903.59
MinimumVisualStudioVersion = 10.0.40219.1
Project("{2150E333-8FDC-42A3-9474-1A3956D46DE8}") = "src", "src", "{827E0CD3-B72D-47B6-A68D-7590B98EB39B}"
EndProject
Project("{FAE04EC0-301F-11D3-BF4B-00C04F79EFBC}") = "Jarvis.Desktop", "src\Jarvis.Desktop\Jarvis.Desktop.csproj", "{09F4D786-83CF-419A-9514-B96F6E7BF596}"
EndProject
Project("{FAE04EC0-301F-11D3-BF4B-00C04F79EFBC}") = "Jarvis.AI", "src\Jarvis.AI\Jarvis.AI.csproj", "{5D190DF3-6242-4A73-9241-335788C23367}"
EndProject
Project("{FAE04EC0-301F-11D3-BF4B-00C04F79EFBC}") = "Jarvis.Core", "src\Jarvis.Core\Jarvis.Core.csproj", "{0008FCCC-2A1D-4EE4-8CE9-40747223587E}"
EndProject
Project("{FAE04EC0-301F-11D3-BF4B-00C04F79EFBC}") = "Jarvis.Audio", "src\Jarvis.Audio\Jarvis.Audio.csproj", "{4CBA1ECB-5D25-4ACE-83D2-078B464330A9}"
EndProject
Project("{FAE04EC0-301F-11D3-BF4B-00C04F79EFBC}") = "Jarvis.Persistence", "src\Jarvis.Persistence\Jarvis.Persistence.csproj", "{2C688FE4-EFA8-46FA-AFD2-F6ACE0F59BF4}"
EndProject
Project("{FAE04EC0-301F-11D3-BF4B-00C04F79EFBC}") = "Jarvis.Tools.Developer", "src\Jarvis.Tools.Developer\Jarvis.Tools.Developer.csproj", "{290D9CD5-5034-40D8-AA3A-370EF915B9D7}"
EndProject
Project("{FAE04EC0-301F-11D3-BF4B-00C04F79EFBC}") = "Jarvis.Tools.Windows", "src\Jarvis.Tools.Windows\Jarvis.Tools.Windows.csproj", "{76222863-2B2C-44A8-B3FF-6BE6C8381F79}"
EndProject
Project("{2150E333-8FDC-42A3-9474-1A3956D46DE8}") = "tests", "tests", "{0AB3BF05-4346-4AA6-1389-037BE0695223}"
EndProject
Project("{FAE04EC0-301F-11D3-BF4B-00C04F79EFBC}") = "Jarvis.Core.Tests", "tests\Jarvis.Core.Tests\Jarvis.Core.Tests.csproj", "{C06B447B-564A-47C7-9CE4-B2A552E891B7}"
EndProject
Project("{FAE04EC0-301F-11D3-BF4B-00C04F79EFBC}") = "Jarvis.Tools.Tests", "tests\Jarvis.Tools.Tests\Jarvis.Tools.Tests.csproj", "{89243A55-24B1-442E-8132-93056DA334E2}"
EndProject
Project("{FAE04EC0-301F-11D3-BF4B-00C04F79EFBC}") = "Jarvis.IntegrationTests", "tests\Jarvis.IntegrationTests\Jarvis.IntegrationTests.csproj", "{D12E3845-A65B-4D1C-9158-347AF630B31E}"
EndProject
Global
	GlobalSection(SolutionConfigurationPlatforms) = preSolution
		Debug|Any CPU = Debug|Any CPU
		Debug|x64 = Debug|x64
		Debug|x86 = Debug|x86
		Release|Any CPU = Release|Any CPU
		Release|x64 = Release|x64
		Release|x86 = Release|x86
	EndGlobalSection
	GlobalSection(ProjectConfigurationPlatforms) = postSolution
		{09F4D786-83CF-419A-9514-B96F6E7BF596}.Debug|Any CPU.ActiveCfg = Debug|Any CPU
		{09F4D786-83CF-419A-9514-B96F6E7BF596}.Debug|Any CPU.Build.0 = Debug|Any CPU
		{09F4D786-83CF-419A-9514-B96F6E7BF596}.Debug|x64.ActiveCfg = Debug|Any CPU
		{09F4D786-83CF-419A-9514-B96F6E7BF596}.Debug|x64.Build.0 = Debug|Any CPU
		{09F4D786-83CF-419A-9514-B96F6E7BF596}.Debug|x86.ActiveCfg = Debug|Any CPU
		{09F4D786-83CF-419A-9514-B96F6E7BF596}.Debug|x86.Build.0 = Debug|Any CPU
		{09F4D786-83CF-419A-9514-B96F6E7BF596}.Release|Any CPU.ActiveCfg = Release|Any CPU
		{09F4D786-83CF-419A-9514-B96F6E7BF596}.Release|Any CPU.Build.0 = Release|Any CPU
		{09F4D786-83CF-419A-9514-B96F6E7BF596}.Release|x64.ActiveCfg = Release|Any CPU
		{09F4D786-83CF-419A-9514-B96F6E7BF596}.Release|x64.Build.0 = Release|Any CPU
		{09F4D786-83CF-419A-9514-B96F6E7BF596}.Release|x86.ActiveCfg = Release|Any CPU
		{09F4D786-83CF-419A-9514-B96F6E7BF596}.Release|x86.Build.0 = Release|Any CPU
		{5D190DF3-6242-4A73-9241-335788C23367}.Debug|Any CPU.ActiveCfg = Debug|Any CPU
		{5D190DF3-6242-4A73-9241-335788C23367}.Debug|Any CPU.Build.0 = Debug|Any CPU
		{5D190DF3-6242-4A73-9241-335788C23367}.Debug|x64.ActiveCfg = Debug|Any CPU
		{5D190DF3-6242-4A73-9241-335788C23367}.Debug|x64.Build.0 = Debug|Any CPU
		{5D190DF3-6242-4A73-9241-335788C23367}.Debug|x86.ActiveCfg = Debug|Any CPU
		{5D190DF3-6242-4A73-9241-335788C23367}.Debug|x86.Build.0 = Debug|Any CPU
		{5D190DF3-6242-4A73-9241-335788C23367}.Release|Any CPU.ActiveCfg = Release|Any CPU
		{5D190DF3-6242-4A73-9241-335788C23367}.Release|Any CPU.Build.0 = Release|Any CPU
		{5D190DF3-6242-4A73-9241-335788C23367}.Release|x64.ActiveCfg = Release|Any CPU
		{5D190DF3-6242-4A73-9241-335788C23367}.Release|x64.Build.0 = Release|Any CPU
		{5D190DF3-6242-4A73-9241-335788C23367}.Release|x86.ActiveCfg = Release|Any CPU
		{5D190DF3-6242-4A73-9241-335788C23367}.Release|x86.Build.0 = Release|Any CPU
		{0008FCCC-2A1D-4EE4-8CE9-40747223587E}.Debug|Any CPU.ActiveCfg = Debug|Any CPU
		{0008FCCC-2A1D-4EE4-8CE9-40747223587E}.Debug|Any CPU.Build.0 = Debug|Any CPU
		{0008FCCC-2A1D-4EE4-8CE9-40747223587E}.Debug|x64.ActiveCfg = Debug|Any CPU
		{0008FCCC-2A1D-4EE4-8CE9-40747223587E}.Debug|x64.Build.0 = Debug|Any CPU
		{0008FCCC-2A1D-4EE4-8CE9-40747223587E}.Debug|x86.ActiveCfg = Debug|Any CPU
		{0008FCCC-2A1D-4EE4-8CE9-40747223587E}.Debug|x86.Build.0 = Debug|Any CPU
		{0008FCCC-2A1D-4EE4-8CE9-40747223587E}.Release|Any CPU.ActiveCfg = Release|Any CPU
		{0008FCCC-2A1D-4EE4-8CE9-40747223587E}.Release|Any CPU.Build.0 = Release|Any CPU
		{0008FCCC-2A1D-4EE4-8CE9-40747223587E}.Release|x64.ActiveCfg = Release|Any CPU
		{0008FCCC-2A1D-4EE4-8CE9-40747223587E}.Release|x64.Build.0 = Release|Any CPU
		{0008FCCC-2A1D-4EE4-8CE9-40747223587E}.Release|x86.ActiveCfg = Release|Any CPU
		{0008FCCC-2A1D-4EE4-8CE9-40747223587E}.Release|x86.Build.0 = Release|Any CPU
		{4CBA1ECB-5D25-4ACE-83D2-078B464330A9}.Debug|Any CPU.ActiveCfg = Debug|Any CPU
		{4CBA1ECB-5D25-4ACE-83D2-078B464330A9}.Debug|Any CPU.Build.0 = Debug|Any CPU
		{4CBA1ECB-5D25-4ACE-83D2-078B464330A9}.Debug|x64.ActiveCfg = Debug|Any CPU
		{4CBA1ECB-5D25-4ACE-83D2-078B464330A9}.Debug|x64.Build.0 = Debug|Any CPU
		{4CBA1ECB-5D25-4ACE-83D2-078B464330A9}.Debug|x86.ActiveCfg = Debug|Any CPU
		{4CBA1ECB-5D25-4ACE-83D2-078B464330A9}.Debug|x86.Build.0 = Debug|Any CPU
		{4CBA1ECB-5D25-4ACE-83D2-078B464330A9}.Release|Any CPU.ActiveCfg = Release|Any CPU
		{4CBA1ECB-5D25-4ACE-83D2-078B464330A9}.Release|Any CPU.Build.0 = Release|Any CPU
		{4CBA1ECB-5D25-4ACE-83D2-078B464330A9}.Release|x64.ActiveCfg = Release|Any CPU
		{4CBA1ECB-5D25-4ACE-83D2-078B464330A9}.Release|x64.Build.0 = Release|Any CPU
		{4CBA1ECB-5D25-4ACE-83D2-078B464330A9}.Release|x86.ActiveCfg = Release|Any CPU
		{4CBA1ECB-5D25-4ACE-83D2-078B464330A9}.Release|x86.Build.0 = Release|Any CPU
		{2C688FE4-EFA8-46FA-AFD2-F6ACE0F59BF4}.Debug|Any CPU.ActiveCfg = Debug|Any CPU
		{2C688FE4-EFA8-46FA-AFD2-F6ACE0F59BF4}.Debug|Any CPU.Build.0 = Debug|Any CPU
		{2C688FE4-EFA8-46FA-AFD2-F6ACE0F59BF4}.Debug|x64.ActiveCfg = Debug|Any CPU
		{2C688FE4-EFA8-46FA-AFD2-F6ACE0F59BF4}.Debug|x64.Build.0 = Debug|Any CPU
		{2C688FE4-EFA8-46FA-AFD2-F6ACE0F59BF4}.Debug|x86.ActiveCfg = Debug|Any CPU
		{2C688FE4-EFA8-46FA-AFD2-F6ACE0F59BF4}.Debug|x86.Build.0 = Debug|Any CPU
		{2C688FE4-EFA8-46FA-AFD2-F6ACE0F59BF4}.Release|Any CPU.ActiveCfg = Release|Any CPU
		{2C688FE4-EFA8-46FA-AFD2-F6ACE0F59BF4}.Release|Any CPU.Build.0 = Release|Any CPU
		{2C688FE4-EFA8-46FA-AFD2-F6ACE0F59BF4}.Release|x64.ActiveCfg = Release|Any CPU
		{2C688FE4-EFA8-46FA-AFD2-F6ACE0F59BF4}.Release|x64.Build.0 = Release|Any CPU
		{2C688FE4-EFA8-46FA-AFD2-F6ACE0F59BF4}.Release|x86.ActiveCfg = Release|Any CPU
		{2C688FE4-EFA8-46FA-AFD2-F6ACE0F59BF4}.Release|x86.Build.0 = Release|Any CPU
		{290D9CD5-5034-40D8-AA3A-370EF915B9D7}.Debug|Any CPU.ActiveCfg = Debug|Any CPU
		{290D9CD5-5034-40D8-AA3A-370EF915B9D7}.Debug|Any CPU.Build.0 = Debug|Any CPU
		{290D9CD5-5034-40D8-AA3A-370EF915B9D7}.Debug|x64.ActiveCfg = Debug|Any CPU
		{290D9CD5-5034-40D8-AA3A-370EF915B9D7}.Debug|x64.Build.0 = Debug|Any CPU
		{290D9CD5-5034-40D8-AA3A-370EF915B9D7}.Debug|x86.ActiveCfg = Debug|Any CPU
		{290D9CD5-5034-40D8-AA3A-370EF915B9D7}.Debug|x86.Build.0 = Debug|Any CPU
		{290D9CD5-5034-40D8-AA3A-370EF915B9D7}.Release|Any CPU.ActiveCfg = Release|Any CPU
		{290D9CD5-5034-40D8-AA3A-370EF915B9D7}.Release|Any CPU.Build.0 = Release|Any CPU
		{290D9CD5-5034-40D8-AA3A-370EF915B9D7}.Release|x64.ActiveCfg = Release|Any CPU
		{290D9CD5-5034-40D8-AA3A-370EF915B9D7}.Release|x64.Build.0 = Release|Any CPU
		{290D9CD5-5034-40D8-AA3A-370EF915B9D7}.Release|x86.ActiveCfg = Release|Any CPU
		{290D9CD5-5034-40D8-AA3A-370EF915B9D7}.Release|x86.Build.0 = Release|Any CPU
		{76222863-2B2C-44A8-B3FF-6BE6C8381F79}.Debug|Any CPU.ActiveCfg = Debug|Any CPU
		{76222863-2B2C-44A8-B3FF-6BE6C8381F79}.Debug|Any CPU.Build.0 = Debug|Any CPU
		{76222863-2B2C-44A8-B3FF-6BE6C8381F79}.Debug|x64.ActiveCfg = Debug|Any CPU
		{76222863-2B2C-44A8-B3FF-6BE6C8381F79}.Debug|x64.Build.0 = Debug|Any CPU
		{76222863-2B2C-44A8-B3FF-6BE6C8381F79}.Debug|x86.ActiveCfg = Debug|Any CPU
		{76222863-2B2C-44A8-B3FF-6BE6C8381F79}.Debug|x86.Build.0 = Debug|Any CPU
		{76222863-2B2C-44A8-B3FF-6BE6C8381F79}.Release|Any CPU.ActiveCfg = Release|Any CPU
		{76222863-2B2C-44A8-B3FF-6BE6C8381F79}.Release|Any CPU.Build.0 = Release|Any CPU
		{76222863-2B2C-44A8-B3FF-6BE6C8381F79}.Release|x64.ActiveCfg = Release|Any CPU
		{76222863-2B2C-44A8-B3FF-6BE6C8381F79}.Release|x64.Build.0 = Release|Any CPU
		{76222863-2B2C-44A8-B3FF-6BE6C8381F79}.Release|x86.ActiveCfg = Release|Any CPU
		{76222863-2B2C-44A8-B3FF-6BE6C8381F79}.Release|x86.Build.0 = Release|Any CPU
		{C06B447B-564A-47C7-9CE4-B2A552E891B7}.Debug|Any CPU.ActiveCfg = Debug|Any CPU
		{C06B447B-564A-47C7-9CE4-B2A552E891B7}.Debug|Any CPU.Build.0 = Debug|Any CPU
		{C06B447B-564A-47C7-9CE4-B2A552E891B7}.Debug|x64.ActiveCfg = Debug|Any CPU
		{C06B447B-564A-47C7-9CE4-B2A552E891B7}.Debug|x64.Build.0 = Debug|Any CPU
		{C06B447B-564A-47C7-9CE4-B2A552E891B7}.Debug|x86.ActiveCfg = Debug|Any CPU
		{C06B447B-564A-47C7-9CE4-B2A552E891B7}.Debug|x86.Build.0 = Debug|Any CPU
		{C06B447B-564A-47C7-9CE4-B2A552E891B7}.Release|Any CPU.ActiveCfg = Release|Any CPU
		{C06B447B-564A-47C7-9CE4-B2A552E891B7}.Release|Any CPU.Build.0 = Release|Any CPU
		{C06B447B-564A-47C7-9CE4-B2A552E891B7}.Release|x64.ActiveCfg = Release|Any CPU
		{C06B447B-564A-47C7-9CE4-B2A552E891B7}.Release|x64.Build.0 = Release|Any CPU
		{C06B447B-564A-47C7-9CE4-B2A552E891B7}.Release|x86.ActiveCfg = Release|Any CPU
		{C06B447B-564A-47C7-9CE4-B2A552E891B7}.Release|x86.Build.0 = Release|Any CPU
		{89243A55-24B1-442E-8132-93056DA334E2}.Debug|Any CPU.ActiveCfg = Debug|Any CPU
		{89243A55-24B1-442E-8132-93056DA334E2}.Debug|Any CPU.Build.0 = Debug|Any CPU
		{89243A55-24B1-442E-8132-93056DA334E2}.Debug|x64.ActiveCfg = Debug|Any CPU
		{89243A55-24B1-442E-8132-93056DA334E2}.Debug|x64.Build.0 = Debug|Any CPU
		{89243A55-24B1-442E-8132-93056DA334E2}.Debug|x86.ActiveCfg = Debug|Any CPU
		{89243A55-24B1-442E-8132-93056DA334E2}.Debug|x86.Build.0 = Debug|Any CPU
		{89243A55-24B1-442E-8132-93056DA334E2}.Release|Any CPU.ActiveCfg = Release|Any CPU
		{89243A55-24B1-442E-8132-93056DA334E2}.Release|Any CPU.Build.0 = Release|Any CPU
		{89243A55-24B1-442E-8132-93056DA334E2}.Release|x64.ActiveCfg = Release|Any CPU
		{89243A55-24B1-442E-8132-93056DA334E2}.Release|x64.Build.0 = Release|Any CPU
		{89243A55-24B1-442E-8132-93056DA334E2}.Release|x86.ActiveCfg = Release|Any CPU
		{89243A55-24B1-442E-8132-93056DA334E2}.Release|x86.Build.0 = Release|Any CPU
		{D12E3845-A65B-4D1C-9158-347AF630B31E}.Debug|Any CPU.ActiveCfg = Debug|Any CPU
		{D12E3845-A65B-4D1C-9158-347AF630B31E}.Debug|Any CPU.Build.0 = Debug|Any CPU
		{D12E3845-A65B-4D1C-9158-347AF630B31E}.Debug|x64.ActiveCfg = Debug|Any CPU
		{D12E3845-A65B-4D1C-9158-347AF630B31E}.Debug|x64.Build.0 = Debug|Any CPU
		{D12E3845-A65B-4D1C-9158-347AF630B31E}.Debug|x86.ActiveCfg = Debug|Any CPU
		{D12E3845-A65B-4D1C-9158-347AF630B31E}.Debug|x86.Build.0 = Debug|Any CPU
		{D12E3845-A65B-4D1C-9158-347AF630B31E}.Release|Any CPU.ActiveCfg = Release|Any CPU
		{D12E3845-A65B-4D1C-9158-347AF630B31E}.Release|Any CPU.Build.0 = Release|Any CPU
		{D12E3845-A65B-4D1C-9158-347AF630B31E}.Release|x64.ActiveCfg = Release|Any CPU
		{D12E3845-A65B-4D1C-9158-347AF630B31E}.Release|x64.Build.0 = Release|Any CPU
		{D12E3845-A65B-4D1C-9158-347AF630B31E}.Release|x86.ActiveCfg = Release|Any CPU
		{D12E3845-A65B-4D1C-9158-347AF630B31E}.Release|x86.Build.0 = Release|Any CPU
	EndGlobalSection
	GlobalSection(SolutionProperties) = preSolution
		HideSolutionNode = FALSE
	EndGlobalSection
	GlobalSection(NestedProjects) = preSolution
		{09F4D786-83CF-419A-9514-B96F6E7BF596} = {827E0CD3-B72D-47B6-A68D-7590B98EB39B}
		{5D190DF3-6242-4A73-9241-335788C23367} = {827E0CD3-B72D-47B6-A68D-7590B98EB39B}
		{0008FCCC-2A1D-4EE4-8CE9-40747223587E} = {827E0CD3-B72D-47B6-A68D-7590B98EB39B}
		{4CBA1ECB-5D25-4ACE-83D2-078B464330A9} = {827E0CD3-B72D-47B6-A68D-7590B98EB39B}
		{2C688FE4-EFA8-46FA-AFD2-F6ACE0F59BF4} = {827E0CD3-B72D-47B6-A68D-7590B98EB39B}
		{290D9CD5-5034-40D8-AA3A-370EF915B9D7} = {827E0CD3-B72D-47B6-A68D-7590B98EB39B}
		{76222863-2B2C-44A8-B3FF-6BE6C8381F79} = {827E0CD3-B72D-47B6-A68D-7590B98EB39B}
		{C06B447B-564A-47C7-9CE4-B2A552E891B7} = {0AB3BF05-4346-4AA6-1389-037BE0695223}
		{89243A55-24B1-442E-8132-93056DA334E2} = {0AB3BF05-4346-4AA6-1389-037BE0695223}
		{D12E3845-A65B-4D1C-9158-347AF630B31E} = {0AB3BF05-4346-4AA6-1389-037BE0695223}
	EndGlobalSection
EndGlobal
